
Microsoft Visual Studio Solution File, Format Version 12.00
# Visual Studio Version 16
VisualStudioVersion = 16.0.29509.3
MinimumVisualStudioVersion = 10.0.40219.1
Project("{9A19103F-16F7-4668-BE54-9A1E7A4F7556}") = "EmployeeManagement.UI", "EmployeeManagement.UI\EmployeeManagement.UI.csproj", "{9518CD12-8B76-4DC2-9034-24ADFD2D8412}"
EndProject
Project("{9A19103F-16F7-4668-BE54-9A1E7A4F7556}") = "EmployeeManagement.BusinessEngine", "EmployeeManagement.BusinessEngine\EmployeeManagement.BusinessEngine.csproj", "{1161CA80-27CA-4690-8388-BABFDA391E5A}"
EndProject
Project("{9A19103F-16F7-4668-BE54-9A1E7A4F7556}") = "EmployeeManagement.Common", "EmployeeManagement.Common\EmployeeManagement.Common.csproj", "{E1CC0A6B-B82A-4497-91AE-858B7F416BB8}"
EndProject
Project("{9A19103F-16F7-4668-BE54-9A1E7A4F7556}") = "EmployeeManagement.Data", "EmployeeManagement.Data\EmployeeManagement.Data.csproj", "{E73E1C80-8488-4B36-9670-EDF295F214A2}"
EndProject
Global
	GlobalSection(SolutionConfigurationPlatforms) = preSolution
		Debug|Any CPU = Debug|Any CPU
		Release|Any CPU = Release|Any CPU
	EndGlobalSection
	GlobalSection(ProjectConfigurationPlatforms) = postSolution
		{9518CD12-8B76-4DC2-9034-24ADFD2D8412}.Debug|Any CPU.ActiveCfg = Debug|Any CPU
		{9518CD12-8B76-4DC2-9034-24ADFD2D8412}.Debug|Any CPU.Build.0 = Debug|Any CPU
		{9518CD12-8B76-4DC2-9034-24ADFD2D8412}.Release|Any CPU.ActiveCfg = Release|Any CPU
		{9518CD12-8B76-4DC2-9034-24ADFD2D8412}.Release|Any CPU.Build.0 = Release|Any CPU
		{1161CA80-27CA-4690-8388-BABFDA391E5A}.Debug|Any CPU.ActiveCfg = Debug|Any CPU
		{1161CA80-27CA-4690-8388-BABFDA391E5A}.Debug|Any CPU.Build.0 = Debug|Any CPU
		{1161CA80-27CA-4690-8388-BABFDA391E5A}.Release|Any CPU.ActiveCfg = Release|Any CPU
		{1161CA80-27CA-4690-8388-BABFDA391E5A}.Release|Any CPU.Build.0 = Release|Any CPU
		{E1CC0A6B-B82A-4497-91AE-858B7F416BB8}.Debug|Any CPU.ActiveCfg = Debug|Any CPU
		{E1CC0A6B-B82A-4497-91AE-858B7F416BB8}.Debug|Any CPU.Build.0 = Debug|Any CPU
		{E1CC0A6B-B82A-4497-91AE-858B7F416BB8}.Release|Any CPU.ActiveCfg = Release|Any CPU
		{E1CC0A6B-B82A-4497-91AE-858B7F416BB8}.Release|Any CPU.Build.0 = Release|Any CPU
		{E73E1C80-8488-4B36-9670-EDF295F214A2}.Debug|Any CPU.ActiveCfg = Debug|Any CPU
		{E73E1C80-8488-4B36-9670-EDF295F214A2}.Debug|Any CPU.Build.0 = Debug|Any CPU
		{E73E1C80-8488-4B36-9670-EDF295F214A2}.Release|Any CPU.ActiveCfg = Release|Any CPU
		{E73E1C80-8488-4B36-9670-EDF295F214A2}.Release|Any CPU.Build.0 = Release|Any CPU
	EndGlobalSection
	GlobalSection(SolutionProperties) = preSolution
		HideSolutionNode = FALSE
	EndGlobalSection
	GlobalSection(ExtensibilityGlobals) = postSolution
		SolutionGuid = {8A5CBAD9-C174-4146-828A-FD709F460342}
	EndGlobalSection
EndGlobal
